Microsoft Visual Studio Solution File, Format Version 12.00
# Visual Studio Version 17
VisualStudioVersion = 17.13.35919.96 d17.13
MinimumVisualStudioVersion = 10.0.40219.1
Project("{FAE04EC0-301F-11D3-BF4B-00C04F79EFBC}") = "MockedAspire.AppHost", "MockedAspire.AppHost\MockedAspire.AppHost.csproj", "{8E9D37F0-B957-406F-A64E-FD36540E07CF}"
EndProject
Project("{FAE04EC0-301F-11D3-BF4B-00C04F79EFBC}") = "MockedAspire.ServiceDefaults", "MockedAspire.ServiceDefaults\MockedAspire.ServiceDefaults.csproj", "{096D1721-58A2-1C88-20B4-2625EEDE8536}"
EndProject
Global
	GlobalSection(SolutionConfigurationPlatforms) = preSolution
		Debug|Any CPU = Debug|Any CPU
		Release|Any CPU = Release|Any CPU
	EndGlobalSection
	GlobalSection(ProjectConfigurationPlatforms) = postSolution
		{8E9D37F0-B957-406F-A64E-FD36540E07CF}.Debug|Any CPU.ActiveCfg = Debug|Any CPU
		{8E9D37F0-B957-406F-A64E-FD36540E07CF}.Debug|Any CPU.Build.0 = Debug|Any CPU
		{8E9D37F0-B957-406F-A64E-FD36540E07CF}.Release|Any CPU.ActiveCfg = Release|Any CPU
		{8E9D37F0-B957-406F-A64E-FD36540E07CF}.Release|Any CPU.Build.0 = Release|Any CPU
		{096D1721-58A2-1C88-20B4-2625EEDE8536}.Debug|Any CPU.ActiveCfg = Debug|Any CPU
		{096D1721-58A2-1C88-20B4-2625EEDE8536}.Debug|Any CPU.Build.0 = Debug|Any CPU
		{096D1721-58A2-1C88-20B4-2625EEDE8536}.Release|Any CPU.ActiveCfg = Release|Any CPU
		{096D1721-58A2-1C88-20B4-2625EEDE8536}.Release|Any CPU.Build.0 = Release|Any CPU
	EndGlobalSection
	GlobalSection(SolutionProperties) = preSolution
		HideSolutionNode = FALSE
	EndGlobalSection
	GlobalSection(ExtensibilityGlobals) = postSolution
		SolutionGuid = {B269703C-FD16-460C-AB49-EEF16D9DF02A}
	EndGlobalSection
EndGlobal
