<Solution>
  <Folder Name="/TwoGettingStarted/">
    <Project Path="TwoGettingStarted/BasicBlazorApp/BasicBlazorApp.csproj" />
    <Project Path="TwoGettingStarted/BasicConsoleApp/BasicConsoleApp.csproj" />
    <Project Path="TwoGettingStarted/BasicMinimalApi/BasicMinimalApi.csproj" />
    <Project Path="TwoGettingStarted/BasicWebApi/BasicWebApi.csproj" />
  </Folder>
</Solution>
